// !$*UTF8*$!
{
	archiveVersion = 1;
	classes = {
	};
	objectVersion = 56;
	objects = {

/* Begin PBXBuildFile section */
		B46163F42C0F2F7200F65A44 /* UsernameAssembly.swift in Sources */ = {isa = PBXBuildFile; fileRef = B46163F32C0F2F7200F65A44 /* UsernameAssembly.swift */; };
		B46163F92C0F2FBC00F65A44 /* CoreData.xcdatamodeld in Sources */ = {isa = PBXBuildFile; fileRef = B46163F52C0F2FBC00F65A44 /* CoreData.xcdatamodeld */; };
		B46163FA2C0F2FBC00F65A44 /* CoreDataManager.swift in Sources */ = {isa = PBXBuildFile; fileRef = B46163F62C0F2FBC00F65A44 /* CoreDataManager.swift */; };
		B46163FC2C0F2FC800F65A44 /* CurrentUser+CoreDataProperties.swift in Sources */ = {isa = PBXBuildFile; fileRef = B46163FB2C0F2FC800F65A44 /* CurrentUser+CoreDataProperties.swift */; };
		B46163FE2C0F334200F65A44 /* PasswordAssembly.swift in Sources */ = {isa = PBXBuildFile; fileRef = B46163FD2C0F334200F65A44 /* PasswordAssembly.swift */; };
		B46164002C0F335F00F65A44 /* PinCodeAssembly.swift in Sources */ = {isa = PBXBuildFile; fileRef = B46163FF2C0F335F00F65A44 /* PinCodeAssembly.swift */; };
		B46164032C0F3EB300F65A44 /* LoginAssembly.swift in Sources */ = {isa = PBXBuildFile; fileRef = B46164022C0F3EB300F65A44 /* LoginAssembly.swift */; };
		B46164052C0F3ED400F65A44 /* LoginViewController.swift in Sources */ = {isa = PBXBuildFile; fileRef = B46164042C0F3ED400F65A44 /* LoginViewController.swift */; };
		B46164072C0F3EEB00F65A44 /* LoginPresenter.swift in Sources */ = {isa = PBXBuildFile; fileRef = B46164062C0F3EEB00F65A44 /* LoginPresenter.swift */; };
		B46164092C0F3EF500F65A44 /* LoginRouter.swift in Sources */ = {isa = PBXBuildFile; fileRef = B46164082C0F3EF500F65A44 /* LoginRouter.swift */; };
		B461640C2C0F465100F65A44 /* AuthDto.swift in Sources */ = {isa = PBXBuildFile; fileRef = B461640B2C0F465100F65A44 /* AuthDto.swift */; };
		B461640E2C1094DC00F65A44 /* HomeAssembly.swift in Sources */ = {isa = PBXBuildFile; fileRef = B461640D2C1094DC00F65A44 /* HomeAssembly.swift */; };
		B46164102C1094EB00F65A44 /* HomePresenter.swift in Sources */ = {isa = PBXBuildFile; fileRef = B461640F2C1094EB00F65A44 /* HomePresenter.swift */; };
		B46164122C1094F700F65A44 /* HomeRouter.swift in Sources */ = {isa = PBXBuildFile; fileRef = B46164112C1094F700F65A44 /* HomeRouter.swift */; };
		B46164142C119CAB00F65A44 /* LoginInteractor.swift in Sources */ = {isa = PBXBuildFile; fileRef = B46164132C119CAB00F65A44 /* LoginInteractor.swift */; };
		B4DA8A012C08885800FECCEF /* AppDelegate.swift in Sources */ = {isa = PBXBuildFile; fileRef = B4DA8A002C08885800FECCEF /* AppDelegate.swift */; };
		B4DA8A0A2C08885900FECCEF /* Assets.xcassets in Resources */ = {isa = PBXBuildFile; fileRef = B4DA8A092C08885900FECCEF /* Assets.xcassets */; };
		B4DA8A0D2C08885900FECCEF /* Base in Resources */ = {isa = PBXBuildFile; fileRef = B4DA8A0C2C08885900FECCEF /* Base */; };
		B4DA8A182C0892C700FECCEF /* SceneDelegate.swift in Sources */ = {isa = PBXBuildFile; fileRef = B4DA8A172C0892C700FECCEF /* SceneDelegate.swift */; };
		B4DA8A212C08943E00FECCEF /* User.swift in Sources */ = {isa = PBXBuildFile; fileRef = B4DA8A202C08943E00FECCEF /* User.swift */; };
		B4DA8A292C08950200FECCEF /* UsernameViewController.swift in Sources */ = {isa = PBXBuildFile; fileRef = B4DA8A282C08950200FECCEF /* UsernameViewController.swift */; };
		B4DA8A352C08A60C00FECCEF /* UsernameRouter.swift in Sources */ = {isa = PBXBuildFile; fileRef = B4DA8A342C08A60C00FECCEF /* UsernameRouter.swift */; };
		B4DA8A392C08A63300FECCEF /* UsernamePresenter.swift in Sources */ = {isa = PBXBuildFile; fileRef = B4DA8A382C08A63300FECCEF /* UsernamePresenter.swift */; };
		B4DA8A3B2C08AA2600FECCEF /* AuthButton.swift in Sources */ = {isa = PBXBuildFile; fileRef = B4DA8A3A2C08AA2600FECCEF /* AuthButton.swift */; };
		B4DA8A3D2C08B5B200FECCEF /* AuthTextField.swift in Sources */ = {isa = PBXBuildFile; fileRef = B4DA8A3C2C08B5B200FECCEF /* AuthTextField.swift */; };
		B4DA8A402C08D86600FECCEF /* Main.swift in Sources */ = {isa = PBXBuildFile; fileRef = B4DA8A3F2C08D86600FECCEF /* Main.swift */; };
		B4DA8A422C09B88300FECCEF /* PasswordViewController.swift in Sources */ = {isa = PBXBuildFile; fileRef = B4DA8A412C09B88300FECCEF /* PasswordViewController.swift */; };
		B4DA8A442C09B89200FECCEF /* PasswordPresenter.swift in Sources */ = {isa = PBXBuildFile; fileRef = B4DA8A432C09B89200FECCEF /* PasswordPresenter.swift */; };
		B4DA8A462C09B8A400FECCEF /* PasswordRouter.swift in Sources */ = {isa = PBXBuildFile; fileRef = B4DA8A452C09B8A400FECCEF /* PasswordRouter.swift */; };
		B4DA8A482C09BE4E00FECCEF /* PinCodeViewController.swift in Sources */ = {isa = PBXBuildFile; fileRef = B4DA8A472C09BE4E00FECCEF /* PinCodeViewController.swift */; };
		B4DA8A4A2C09BE6B00FECCEF /* PinCodeInteractor.swift in Sources */ = {isa = PBXBuildFile; fileRef = B4DA8A492C09BE6B00FECCEF /* PinCodeInteractor.swift */; };
		B4DA8A4C2C09BE7D00FECCEF /* PinCodePresenter.swift in Sources */ = {isa = PBXBuildFile; fileRef = B4DA8A4B2C09BE7D00FECCEF /* PinCodePresenter.swift */; };
		B4DA8A4E2C09BE8B00FECCEF /* PinCodeRouter.swift in Sources */ = {isa = PBXBuildFile; fileRef = B4DA8A4D2C09BE8B00FECCEF /* PinCodeRouter.swift */; };
		B4DA8A512C0CFEFA00FECCEF /* AuthTitleLabel.swift in Sources */ = {isa = PBXBuildFile; fileRef = B4DA8A502C0CFEFA00FECCEF /* AuthTitleLabel.swift */; };
		B4DA8A532C0CFF0700FECCEF /* AuthCaptionLabel.swift in Sources */ = {isa = PBXBuildFile; fileRef = B4DA8A522C0CFF0700FECCEF /* AuthCaptionLabel.swift */; };
		B4DA8A5C2C0D014100FECCEF /* AuthPinCodePoint.swift in Sources */ = {isa = PBXBuildFile; fileRef = B4DA8A5B2C0D014100FECCEF /* AuthPinCodePoint.swift */; };
		B4DA8A5E2C0D03C400FECCEF /* AuthPinCodePoints.swift in Sources */ = {isa = PBXBuildFile; fileRef = B4DA8A5D2C0D03C400FECCEF /* AuthPinCodePoints.swift */; };
		B4DA8A642C0D13F600FECCEF /* AuthPinCodeKeyboard.swift in Sources */ = {isa = PBXBuildFile; fileRef = B4DA8A632C0D13F600FECCEF /* AuthPinCodeKeyboard.swift */; };
		B4DA8A662C0D147E00FECCEF /* AuthPinCodeKeyboardButton.swift in Sources */ = {isa = PBXBuildFile; fileRef = B4DA8A652C0D147E00FECCEF /* AuthPinCodeKeyboardButton.swift */; };
		B4DA8A6A2C0D2A1300FECCEF /* HomeViewController.swift in Sources */ = {isa = PBXBuildFile; fileRef = B4DA8A692C0D2A1300FECCEF /* HomeViewController.swift */; };
		B4DA8A6E2C0D3F6A00FECCEF /* API.swift in Sources */ = {isa = PBXBuildFile; fileRef = B4DA8A6D2C0D3F6A00FECCEF /* API.swift */; };
/* End PBXBuildFile section */

/* Begin PBXFileReference section */
		B46163F32C0F2F7200F65A44 /* UsernameAssembly.swift */ = {isa = PBXFileReference; fileEncoding = 4; lastKnownFileType = sourcecode.swift; path = UsernameAssembly.swift; sourceTree = "<group>"; };
		B46163F62C0F2FBC00F65A44 /* CoreDataManager.swift */ = {isa = PBXFileReference; fileEncoding = 4; lastKnownFileType = sourcecode.swift; path = CoreDataManager.swift; sourceTree = "<group>"; };
		B46163F82C0F2FBC00F65A44 /* CoreData.xcdatamodel */ = {isa = PBXFileReference; lastKnownFileType = wrapper.xcdatamodel; path = CoreData.xcdatamodel; sourceTree = "<group>"; };
		B46163FB2C0F2FC800F65A44 /* CurrentUser+CoreDataProperties.swift */ = {isa = PBXFileReference; fileEncoding = 4; lastKnownFileType = sourcecode.swift; path = "CurrentUser+CoreDataProperties.swift"; sourceTree = "<group>"; };
		B46163FD2C0F334200F65A44 /* PasswordAssembly.swift */ = {isa = PBXFileReference; lastKnownFileType = sourcecode.swift; path = PasswordAssembly.swift; sourceTree = "<group>"; };
		B46163FF2C0F335F00F65A44 /* PinCodeAssembly.swift */ = {isa = PBXFileReference; lastKnownFileType = sourcecode.swift; path = PinCodeAssembly.swift; sourceTree = "<group>"; };
		B46164022C0F3EB300F65A44 /* LoginAssembly.swift */ = {isa = PBXFileReference; lastKnownFileType = sourcecode.swift; path = LoginAssembly.swift; sourceTree = "<group>"; };
		B46164042C0F3ED400F65A44 /* LoginViewController.swift */ = {isa = PBXFileReference; lastKnownFileType = sourcecode.swift; path = LoginViewController.swift; sourceTree = "<group>"; };
		B46164062C0F3EEB00F65A44 /* LoginPresenter.swift */ = {isa = PBXFileReference; lastKnownFileType = sourcecode.swift; path = LoginPresenter.swift; sourceTree = "<group>"; };
		B46164082C0F3EF500F65A44 /* LoginRouter.swift */ = {isa = PBXFileReference; lastKnownFileType = sourcecode.swift; path = LoginRouter.swift; sourceTree = "<group>"; };
		B461640B2C0F465100F65A44 /* AuthDto.swift */ = {isa = PBXFileReference; lastKnownFileType = sourcecode.swift; path = AuthDto.swift; sourceTree = "<group>"; };
		B461640D2C1094DC00F65A44 /* HomeAssembly.swift */ = {isa = PBXFileReference; lastKnownFileType = sourcecode.swift; path = HomeAssembly.swift; sourceTree = "<group>"; };
		B461640F2C1094EB00F65A44 /* HomePresenter.swift */ = {isa = PBXFileReference; lastKnownFileType = sourcecode.swift; path = HomePresenter.swift; sourceTree = "<group>"; };
		B46164112C1094F700F65A44 /* HomeRouter.swift */ = {isa = PBXFileReference; lastKnownFileType = sourcecode.swift; path = HomeRouter.swift; sourceTree = "<group>"; };
		B46164132C119CAB00F65A44 /* LoginInteractor.swift */ = {isa = PBXFileReference; lastKnownFileType = sourcecode.swift; path = LoginInteractor.swift; sourceTree = "<group>"; };
		B4DA89FD2C08885800FECCEF /* bank-ios-uikit.app */ = {isa = PBXFileReference; explicitFileType = wrapper.application; includeInIndex = 0; path = "bank-ios-uikit.app"; sourceTree = BUILT_PRODUCTS_DIR; };
		B4DA8A002C08885800FECCEF /* AppDelegate.swift */ = {isa = PBXFileReference; lastKnownFileType = sourcecode.swift; path = AppDelegate.swift; sourceTree = "<group>"; };
		B4DA8A092C08885900FECCEF /* Assets.xcassets */ = {isa = PBXFileReference; lastKnownFileType = folder.assetcatalog; path = Assets.xcassets; sourceTree = "<group>"; };
		B4DA8A0C2C08885900FECCEF /* Base */ = {isa = PBXFileReference; lastKnownFileType = file.storyboard; name = Base; path = Base.lproj/LaunchScreen.storyboard; sourceTree = "<group>"; };
		B4DA8A0E2C08885900FECCEF /* Info.plist */ = {isa = PBXFileReference; lastKnownFileType = text.plist.xml; path = Info.plist; sourceTree = "<group>"; };
		B4DA8A172C0892C700FECCEF /* SceneDelegate.swift */ = {isa = PBXFileReference; lastKnownFileType = sourcecode.swift; path = SceneDelegate.swift; sourceTree = "<group>"; };
		B4DA8A202C08943E00FECCEF /* User.swift */ = {isa = PBXFileReference; lastKnownFileType = sourcecode.swift; path = User.swift; sourceTree = "<group>"; };
		B4DA8A282C08950200FECCEF /* UsernameViewController.swift */ = {isa = PBXFileReference; lastKnownFileType = sourcecode.swift; path = UsernameViewController.swift; sourceTree = "<group>"; };
		B4DA8A342C08A60C00FECCEF /* UsernameRouter.swift */ = {isa = PBXFileReference; lastKnownFileType = sourcecode.swift; path = UsernameRouter.swift; sourceTree = "<group>"; };
		B4DA8A382C08A63300FECCEF /* UsernamePresenter.swift */ = {isa = PBXFileReference; lastKnownFileType = sourcecode.swift; path = UsernamePresenter.swift; sourceTree = "<group>"; };
		B4DA8A3A2C08AA2600FECCEF /* AuthButton.swift */ = {isa = PBXFileReference; lastKnownFileType = sourcecode.swift; path = AuthButton.swift; sourceTree = "<group>"; };
		B4DA8A3C2C08B5B200FECCEF /* AuthTextField.swift */ = {isa = PBXFileReference; lastKnownFileType = sourcecode.swift; path = AuthTextField.swift; sourceTree = "<group>"; };
		B4DA8A3F2C08D86600FECCEF /* Main.swift */ = {isa = PBXFileReference; lastKnownFileType = sourcecode.swift; path = Main.swift; sourceTree = "<group>"; };
		B4DA8A412C09B88300FECCEF /* PasswordViewController.swift */ = {isa = PBXFileReference; lastKnownFileType = sourcecode.swift; path = PasswordViewController.swift; sourceTree = "<group>"; };
		B4DA8A432C09B89200FECCEF /* PasswordPresenter.swift */ = {isa = PBXFileReference; lastKnownFileType = sourcecode.swift; path = PasswordPresenter.swift; sourceTree = "<group>"; };
		B4DA8A452C09B8A400FECCEF /* PasswordRouter.swift */ = {isa = PBXFileReference; lastKnownFileType = sourcecode.swift; path = PasswordRouter.swift; sourceTree = "<group>"; };
		B4DA8A472C09BE4E00FECCEF /* PinCodeViewController.swift */ = {isa = PBXFileReference; lastKnownFileType = sourcecode.swift; path = PinCodeViewController.swift; sourceTree = "<group>"; };
		B4DA8A492C09BE6B00FECCEF /* PinCodeInteractor.swift */ = {isa = PBXFileReference; lastKnownFileType = sourcecode.swift; path = PinCodeInteractor.swift; sourceTree = "<group>"; };
		B4DA8A4B2C09BE7D00FECCEF /* PinCodePresenter.swift */ = {isa = PBXFileReference; lastKnownFileType = sourcecode.swift; path = PinCodePresenter.swift; sourceTree = "<group>"; };
		B4DA8A4D2C09BE8B00FECCEF /* PinCodeRouter.swift */ = {isa = PBXFileReference; lastKnownFileType = sourcecode.swift; path = PinCodeRouter.swift; sourceTree = "<group>"; };
		B4DA8A502C0CFEFA00FECCEF /* AuthTitleLabel.swift */ = {isa = PBXFileReference; lastKnownFileType = sourcecode.swift; path = AuthTitleLabel.swift; sourceTree = "<group>"; };
		B4DA8A522C0CFF0700FECCEF /* AuthCaptionLabel.swift */ = {isa = PBXFileReference; lastKnownFileType = sourcecode.swift; path = AuthCaptionLabel.swift; sourceTree = "<group>"; };
		B4DA8A5B2C0D014100FECCEF /* AuthPinCodePoint.swift */ = {isa = PBXFileReference; lastKnownFileType = sourcecode.swift; path = AuthPinCodePoint.swift; sourceTree = "<group>"; };
		B4DA8A5D2C0D03C400FECCEF /* AuthPinCodePoints.swift */ = {isa = PBXFileReference; lastKnownFileType = sourcecode.swift; path = AuthPinCodePoints.swift; sourceTree = "<group>"; };
		B4DA8A632C0D13F600FECCEF /* AuthPinCodeKeyboard.swift */ = {isa = PBXFileReference; lastKnownFileType = sourcecode.swift; path = AuthPinCodeKeyboard.swift; sourceTree = "<group>"; };
		B4DA8A652C0D147E00FECCEF /* AuthPinCodeKeyboardButton.swift */ = {isa = PBXFileReference; lastKnownFileType = sourcecode.swift; path = AuthPinCodeKeyboardButton.swift; sourceTree = "<group>"; };
		B4DA8A692C0D2A1300FECCEF /* HomeViewController.swift */ = {isa = PBXFileReference; lastKnownFileType = sourcecode.swift; path = HomeViewController.swift; sourceTree = "<group>"; };
		B4DA8A6D2C0D3F6A00FECCEF /* API.swift */ = {isa = PBXFileReference; lastKnownFileType = sourcecode.swift; path = API.swift; sourceTree = "<group>"; };
/* End PBXFileReference section */

/* Begin PBXFrameworksBuildPhase section */
		B4DA89FA2C08885800FECCEF /* Frameworks */ = {
			isa = PBXFrameworksBuildPhase;
			buildActionMask = 2147483647;
			files = (
			);
			runOnlyForDeploymentPostprocessing = 0;
		};
/* End PBXFrameworksBuildPhase section */

/* Begin PBXGroup section */
		B46163F72C0F2FBC00F65A44 /* CoreData */ = {
			isa = PBXGroup;
			children = (
				B46163F52C0F2FBC00F65A44 /* CoreData.xcdatamodeld */,
				B46163F62C0F2FBC00F65A44 /* CoreDataManager.swift */,
			);
			path = CoreData;
			sourceTree = "<group>";
		};
		B46164012C0F3A5F00F65A44 /* Login */ = {
			isa = PBXGroup;
			children = (
				B46164022C0F3EB300F65A44 /* LoginAssembly.swift */,
				B46164042C0F3ED400F65A44 /* LoginViewController.swift */,
				B46164132C119CAB00F65A44 /* LoginInteractor.swift */,
				B46164062C0F3EEB00F65A44 /* LoginPresenter.swift */,
				B46164082C0F3EF500F65A44 /* LoginRouter.swift */,
			);
			path = Login;
			sourceTree = "<group>";
		};
		B4DA89F42C08885800FECCEF = {
			isa = PBXGroup;
			children = (
				B4DA89FF2C08885800FECCEF /* bank-ios-uikit */,
				B46163FB2C0F2FC800F65A44 /* CurrentUser+CoreDataProperties.swift */,
				B4DA89FE2C08885800FECCEF /* Products */,
			);
			sourceTree = "<group>";
		};
		B4DA89FE2C08885800FECCEF /* Products */ = {
			isa = PBXGroup;
			children = (
				B4DA89FD2C08885800FECCEF /* bank-ios-uikit.app */,
			);
			name = Products;
			sourceTree = "<group>";
		};
		B4DA89FF2C08885800FECCEF /* bank-ios-uikit */ = {
			isa = PBXGroup;
			children = (
				B4DA8A002C08885800FECCEF /* AppDelegate.swift */,
				B4DA8A1D2C08940800FECCEF /* Common */,
				B4DA8A142C088EE600FECCEF /* Files */,
				B4DA8A1B2C0893EC00FECCEF /* Modules */,
				B4DA8A172C0892C700FECCEF /* SceneDelegate.swift */,
			);
			path = "bank-ios-uikit";
			sourceTree = "<group>";
		};
		B4DA8A142C088EE600FECCEF /* Files */ = {
			isa = PBXGroup;
			children = (
				B4DA8A092C08885900FECCEF /* Assets.xcassets */,
				B4DA8A0B2C08885900FECCEF /* LaunchScreen.storyboard */,
				B4DA8A0E2C08885900FECCEF /* Info.plist */,
			);
			name = Files;
			sourceTree = "<group>";
		};
		B4DA8A1B2C0893EC00FECCEF /* Modules */ = {
			isa = PBXGroup;
			children = (
				B4DA8A242C08946000FECCEF /* League */,
				B4DA8A232C08945A00FECCEF /* Main */,
				B4DA8A222C08945400FECCEF /* Auth */,
			);
			path = Modules;
			sourceTree = "<group>";
		};
		B4DA8A1D2C08940800FECCEF /* Common */ = {
			isa = PBXGroup;
			children = (
				B4DA8A3E2C08D84600FECCEF /* Constants */,
				B4DA8A2A2C08A52400FECCEF /* Lib */,
				B4DA8A1F2C08942400FECCEF /* Entities */,
			);
			path = Common;
			sourceTree = "<group>";
		};
		B4DA8A1F2C08942400FECCEF /* Entities */ = {
			isa = PBXGroup;
			children = (
				B4DA8A202C08943E00FECCEF /* User.swift */,
			);
			path = Entities;
			sourceTree = "<group>";
		};
		B4DA8A222C08945400FECCEF /* Auth */ = {
			isa = PBXGroup;
			children = (
				B4DA8A4F2C0CFED700FECCEF /* Components */,
				B46164012C0F3A5F00F65A44 /* Login */,
				B4DA8A272C08948900FECCEF /* PinCode */,
				B4DA8A262C08948300FECCEF /* Password */,
				B4DA8A252C08947A00FECCEF /* Username */,
			);
			path = Auth;
			sourceTree = "<group>";
		};
		B4DA8A232C08945A00FECCEF /* Main */ = {
			isa = PBXGroup;
			children = (
				B4DA8A672C0D29F200FECCEF /* Home */,
			);
			path = Main;
			sourceTree = "<group>";
		};
		B4DA8A242C08946000FECCEF /* League */ = {
			isa = PBXGroup;
			children = (
			);
			path = League;
			sourceTree = "<group>";
		};
		B4DA8A252C08947A00FECCEF /* Username */ = {
			isa = PBXGroup;
			children = (
				B46163F32C0F2F7200F65A44 /* UsernameAssembly.swift */,
				B4DA8A282C08950200FECCEF /* UsernameViewController.swift */,
				B4DA8A382C08A63300FECCEF /* UsernamePresenter.swift */,
				B4DA8A342C08A60C00FECCEF /* UsernameRouter.swift */,
			);
			path = Username;
			sourceTree = "<group>";
		};
		B4DA8A262C08948300FECCEF /* Password */ = {
			isa = PBXGroup;
			children = (
				B46163FD2C0F334200F65A44 /* PasswordAssembly.swift */,
				B4DA8A412C09B88300FECCEF /* PasswordViewController.swift */,
				B4DA8A432C09B89200FECCEF /* PasswordPresenter.swift */,
				B4DA8A452C09B8A400FECCEF /* PasswordRouter.swift */,
			);
			path = Password;
			sourceTree = "<group>";
		};
		B4DA8A272C08948900FECCEF /* PinCode */ = {
			isa = PBXGroup;
			children = (
				B46163FF2C0F335F00F65A44 /* PinCodeAssembly.swift */,
				B4DA8A472C09BE4E00FECCEF /* PinCodeViewController.swift */,
				B4DA8A492C09BE6B00FECCEF /* PinCodeInteractor.swift */,
				B4DA8A4B2C09BE7D00FECCEF /* PinCodePresenter.swift */,
				B4DA8A4D2C09BE8B00FECCEF /* PinCodeRouter.swift */,
			);
			path = PinCode;
			sourceTree = "<group>";
		};
		B4DA8A2A2C08A52400FECCEF /* Lib */ = {
			isa = PBXGroup;
			children = (
				B46163F72C0F2FBC00F65A44 /* CoreData */,
				B4DA8A6D2C0D3F6A00FECCEF /* API.swift */,
				B461640B2C0F465100F65A44 /* AuthDto.swift */,
			);
			path = Lib;
			sourceTree = "<group>";
		};
		B4DA8A3E2C08D84600FECCEF /* Constants */ = {
			isa = PBXGroup;
			children = (
				B4DA8A3F2C08D86600FECCEF /* Main.swift */,
			);
			path = Constants;
			sourceTree = "<group>";
		};
		B4DA8A4F2C0CFED700FECCEF /* Components */ = {
			isa = PBXGroup;
			children = (
				B4DA8A622C0D13B800FECCEF /* Keyboard */,
				B4DA8A612C0D0F6E00FECCEF /* Code */,
				B4DA8A3C2C08B5B200FECCEF /* AuthTextField.swift */,
				B4DA8A3A2C08AA2600FECCEF /* AuthButton.swift */,
				B4DA8A502C0CFEFA00FECCEF /* AuthTitleLabel.swift */,
				B4DA8A522C0CFF0700FECCEF /* AuthCaptionLabel.swift */,
			);
			path = Components;
			sourceTree = "<group>";
		};
		B4DA8A612C0D0F6E00FECCEF /* Code */ = {
			isa = PBXGroup;
			children = (
				B4DA8A5B2C0D014100FECCEF /* AuthPinCodePoint.swift */,
				B4DA8A5D2C0D03C400FECCEF /* AuthPinCodePoints.swift */,
			);
			path = Code;
			sourceTree = "<group>";
		};
		B4DA8A622C0D13B800FECCEF /* Keyboard */ = {
			isa = PBXGroup;
			children = (
				B4DA8A632C0D13F600FECCEF /* AuthPinCodeKeyboard.swift */,
				B4DA8A652C0D147E00FECCEF /* AuthPinCodeKeyboardButton.swift */,
			);
			path = Keyboard;
			sourceTree = "<group>";
		};
		B4DA8A672C0D29F200FECCEF /* Home */ = {
			isa = PBXGroup;
			children = (
				B461640D2C1094DC00F65A44 /* HomeAssembly.swift */,
				B4DA8A692C0D2A1300FECCEF /* HomeViewController.swift */,
				B461640F2C1094EB00F65A44 /* HomePresenter.swift */,
				B46164112C1094F700F65A44 /* HomeRouter.swift */,
			);
			path = Home;
			sourceTree = "<group>";
		};
/* End PBXGroup section */

/* Begin PBXNativeTarget section */
		B4DA89FC2C08885800FECCEF /* bank-ios-uikit */ = {
			isa = PBXNativeTarget;
			buildConfigurationList = B4DA8A112C08885900FECCEF /* Build configuration list for PBXNativeTarget "bank-ios-uikit" */;
			buildPhases = (
				B4DA89F92C08885800FECCEF /* Sources */,
				B4DA89FA2C08885800FECCEF /* Frameworks */,
				B4DA89FB2C08885800FECCEF /* Resources */,
			);
			buildRules = (
			);
			dependencies = (
			);
			name = "bank-ios-uikit";
			productName = "bank-ios-uikit";
			productReference = B4DA89FD2C08885800FECCEF /* bank-ios-uikit.app */;
			productType = "com.apple.product-type.application";
		};
/* End PBXNativeTarget section */

/* Begin PBXProject section */
		B4DA89F52C08885800FECCEF /* Project object */ = {
			isa = PBXProject;
			attributes = {
				BuildIndependentTargetsInParallel = 1;
				LastSwiftUpdateCheck = 1540;
				LastUpgradeCheck = 1540;
				TargetAttributes = {
					B4DA89FC2C08885800FECCEF = {
						CreatedOnToolsVersion = 15.4;
					};
				};
			};
			buildConfigurationList = B4DA89F82C08885800FECCEF /* Build configuration list for PBXProject "bank-ios-uikit" */;
			compatibilityVersion = "Xcode 14.0";
			developmentRegion = en;
			hasScannedForEncodings = 0;
			knownRegions = (
				en,
				Base,
			);
			mainGroup = B4DA89F42C08885800FECCEF;
			productRefGroup = B4DA89FE2C08885800FECCEF /* Products */;
			projectDirPath = "";
			projectRoot = "";
			targets = (
				B4DA89FC2C08885800FECCEF /* bank-ios-uikit */,
			);
		};
/* End PBXProject section */

/* Begin PBXResourcesBuildPhase section */
		B4DA89FB2C08885800FECCEF /* Resources */ = {
			isa = PBXResourcesBuildPhase;
			buildActionMask = 2147483647;
			files = (
				B4DA8A0A2C08885900FECCEF /* Assets.xcassets in Resources */,
				B4DA8A0D2C08885900FECCEF /* Base in Resources */,
			);
			runOnlyForDeploymentPostprocessing = 0;
		};
/* End PBXResourcesBuildPhase section */

/* Begin PBXSourcesBuildPhase section */
		B4DA89F92C08885800FECCEF /* Sources */ = {
			isa = PBXSourcesBuildPhase;
			buildActionMask = 2147483647;
			files = (
				B46164002C0F335F00F65A44 /* PinCodeAssembly.swift in Sources */,
				B461640C2C0F465100F65A44 /* AuthDto.swift in Sources */,
				B4DA8A212C08943E00FECCEF /* User.swift in Sources */,
				B4DA8A5C2C0D014100FECCEF /* AuthPinCodePoint.swift in Sources */,
				B4DA8A462C09B8A400FECCEF /* PasswordRouter.swift in Sources */,
				B4DA8A6E2C0D3F6A00FECCEF /* API.swift in Sources */,
				B4DA8A392C08A63300FECCEF /* UsernamePresenter.swift in Sources */,
				B46164092C0F3EF500F65A44 /* LoginRouter.swift in Sources */,
				B4DA8A012C08885800FECCEF /* AppDelegate.swift in Sources */,
				B46163FA2C0F2FBC00F65A44 /* CoreDataManager.swift in Sources */,
				B4DA8A532C0CFF0700FECCEF /* AuthCaptionLabel.swift in Sources */,
				B4DA8A352C08A60C00FECCEF /* UsernameRouter.swift in Sources */,
				B4DA8A5E2C0D03C400FECCEF /* AuthPinCodePoints.swift in Sources */,
				B4DA8A3B2C08AA2600FECCEF /* AuthButton.swift in Sources */,
				B4DA8A4E2C09BE8B00FECCEF /* PinCodeRouter.swift in Sources */,
				B4DA8A3D2C08B5B200FECCEF /* AuthTextField.swift in Sources */,
				B4DA8A6A2C0D2A1300FECCEF /* HomeViewController.swift in Sources */,
				B46164102C1094EB00F65A44 /* HomePresenter.swift in Sources */,
				B46164072C0F3EEB00F65A44 /* LoginPresenter.swift in Sources */,
				B461640E2C1094DC00F65A44 /* HomeAssembly.swift in Sources */,
				B4DA8A292C08950200FECCEF /* UsernameViewController.swift in Sources */,
				B4DA8A4A2C09BE6B00FECCEF /* PinCodeInteractor.swift in Sources */,
				B46163F42C0F2F7200F65A44 /* UsernameAssembly.swift in Sources */,
				B46164142C119CAB00F65A44 /* LoginInteractor.swift in Sources */,
				B46164122C1094F700F65A44 /* HomeRouter.swift in Sources */,
				B46163FE2C0F334200F65A44 /* PasswordAssembly.swift in Sources */,
				B46163F92C0F2FBC00F65A44 /* CoreData.xcdatamodeld in Sources */,
				B4DA8A182C0892C700FECCEF /* SceneDelegate.swift in Sources */,
				B4DA8A662C0D147E00FECCEF /* AuthPinCodeKeyboardButton.swift in Sources */,
				B46164052C0F3ED400F65A44 /* LoginViewController.swift in Sources */,
				B4DA8A512C0CFEFA00FECCEF /* AuthTitleLabel.swift in Sources */,
				B4DA8A422C09B88300FECCEF /* PasswordViewController.swift in Sources */,
				B4DA8A442C09B89200FECCEF /* PasswordPresenter.swift in Sources */,
				B4DA8A642C0D13F600FECCEF /* AuthPinCodeKeyboard.swift in Sources */,
				B46163FC2C0F2FC800F65A44 /* CurrentUser+CoreDataProperties.swift in Sources */,
				B4DA8A482C09BE4E00FECCEF /* PinCodeViewController.swift in Sources */,
				B46164032C0F3EB300F65A44 /* LoginAssembly.swift in Sources */,
				B4DA8A402C08D86600FECCEF /* Main.swift in Sources */,
				B4DA8A4C2C09BE7D00FECCEF /* PinCodePresenter.swift in Sources */,
			);
			runOnlyForDeploymentPostprocessing = 0;
		};
/* End PBXSourcesBuildPhase section */

/* Begin PBXVariantGroup section */
		B4DA8A0B2C08885900FECCEF /* LaunchScreen.storyboard */ = {
			isa = PBXVariantGroup;
			children = (
				B4DA8A0C2C08885900FECCEF /* Base */,
			);
			name = LaunchScreen.storyboard;
			sourceTree = "<group>";
		};
/* End PBXVariantGroup section */

/* Begin XCBuildConfiguration section */
		B4DA8A0F2C08885900FECCEF /* Debug */ = {
			isa = XCBuildConfiguration;
			buildSettings = {
				ALWAYS_SEARCH_USER_PATHS = NO;
				ASSETCATALOG_COMPILER_GENERATE_SWIFT_ASSET_SYMBOL_EXTENSIONS = YES;
				CLANG_ANALYZER_NONNULL = YES;
				CLANG_ANALYZER_NUMBER_OBJECT_CONVERSION = YES_AGGRESSIVE;
				CLANG_CXX_LANGUAGE_STANDARD = "gnu++20";
				CLANG_ENABLE_MODULES = YES;
				CLANG_ENABLE_OBJC_ARC = YES;
				CLANG_ENABLE_OBJC_WEAK = YES;
				CLANG_WARN_BLOCK_CAPTURE_AUTORELEASING = YES;
				CLANG_WARN_BOOL_CONVERSION = YES;
				CLANG_WARN_COMMA = YES;
				CLANG_WARN_CONSTANT_CONVERSION = YES;
				CLANG_WARN_DEPRECATED_OBJC_IMPLEMENTATIONS = YES;
				CLANG_WARN_DIRECT_OBJC_ISA_USAGE = YES_ERROR;
				CLANG_WARN_DOCUMENTATION_COMMENTS = YES;
				CLANG_WARN_EMPTY_BODY = YES;
				CLANG_WARN_ENUM_CONVERSION = YES;
				CLANG_WARN_INFINITE_RECURSION = YES;
				CLANG_WARN_INT_CONVERSION = YES;
				CLANG_WARN_NON_LITERAL_NULL_CONVERSION = YES;
				CLANG_WARN_OBJC_IMPLICIT_RETAIN_SELF = YES;
				CLANG_WARN_OBJC_LITERAL_CONVERSION = YES;
				CLANG_WARN_OBJC_ROOT_CLASS = YES_ERROR;
				CLANG_WARN_QUOTED_INCLUDE_IN_FRAMEWORK_HEADER = YES;
				CLANG_WARN_RANGE_LOOP_ANALYSIS = YES;
				CLANG_WARN_STRICT_PROTOTYPES = YES;
				CLANG_WARN_SUSPICIOUS_MOVE = YES;
				CLANG_WARN_UNGUARDED_AVAILABILITY = YES_AGGRESSIVE;
				CLANG_WARN_UNREACHABLE_CODE = YES;
				CLANG_WARN__DUPLICATE_METHOD_MATCH = YES;
				COPY_PHASE_STRIP = NO;
				DEBUG_INFORMATION_FORMAT = dwarf;
				ENABLE_STRICT_OBJC_MSGSEND = YES;
				ENABLE_TESTABILITY = YES;
				ENABLE_USER_SCRIPT_SANDBOXING = YES;
				GCC_C_LANGUAGE_STANDARD = gnu17;
				GCC_DYNAMIC_NO_PIC = NO;
				GCC_NO_COMMON_BLOCKS = YES;
				GCC_OPTIMIZATION_LEVEL = 0;
				GCC_PREPROCESSOR_DEFINITIONS = (
					"DEBUG=1",
					"$(inherited)",
				);
				GCC_WARN_64_TO_32_BIT_CONVERSION = YES;
				GCC_WARN_ABOUT_RETURN_TYPE = YES_ERROR;
				GCC_WARN_UNDECLARED_SELECTOR = YES;
				GCC_WARN_UNINITIALIZED_AUTOS = YES_AGGRESSIVE;
				GCC_WARN_UNUSED_FUNCTION = YES;
				GCC_WARN_UNUSED_VARIABLE = YES;
				IPHONEOS_DEPLOYMENT_TARGET = 17.5;
				LOCALIZATION_PREFERS_STRING_CATALOGS = YES;
				MTL_ENABLE_DEBUG_INFO = INCLUDE_SOURCE;
				MTL_FAST_MATH = YES;
				ONLY_ACTIVE_ARCH = YES;
				SDKROOT = iphoneos;
				SWIFT_ACTIVE_COMPILATION_CONDITIONS = "DEBUG $(inherited)";
				SWIFT_OPTIMIZATION_LEVEL = "-Onone";
			};
			name = Debug;
		};
		B4DA8A102C08885900FECCEF /* Release */ = {
			isa = XCBuildConfiguration;
			buildSettings = {
				ALWAYS_SEARCH_USER_PATHS = NO;
				ASSETCATALOG_COMPILER_GENERATE_SWIFT_ASSET_SYMBOL_EXTENSIONS = YES;
				CLANG_ANALYZER_NONNULL = YES;
				CLANG_ANALYZER_NUMBER_OBJECT_CONVERSION = YES_AGGRESSIVE;
				CLANG_CXX_LANGUAGE_STANDARD = "gnu++20";
				CLANG_ENABLE_MODULES = YES;
				CLANG_ENABLE_OBJC_ARC = YES;
				CLANG_ENABLE_OBJC_WEAK = YES;
				CLANG_WARN_BLOCK_CAPTURE_AUTORELEASING = YES;
				CLANG_WARN_BOOL_CONVERSION = YES;
				CLANG_WARN_COMMA = YES;
				CLANG_WARN_CONSTANT_CONVERSION = YES;
				CLANG_WARN_DEPRECATED_OBJC_IMPLEMENTATIONS = YES;
				CLANG_WARN_DIRECT_OBJC_ISA_USAGE = YES_ERROR;
				CLANG_WARN_DOCUMENTATION_COMMENTS = YES;
				CLANG_WARN_EMPTY_BODY = YES;
				CLANG_WARN_ENUM_CONVERSION = YES;
				CLANG_WARN_INFINITE_RECURSION = YES;
				CLANG_WARN_INT_CONVERSION = YES;
				CLANG_WARN_NON_LITERAL_NULL_CONVERSION = YES;
				CLANG_WARN_OBJC_IMPLICIT_RETAIN_SELF = YES;
				CLANG_WARN_OBJC_LITERAL_CONVERSION = YES;
				CLANG_WARN_OBJC_ROOT_CLASS = YES_ERROR;
				CLANG_WARN_QUOTED_INCLUDE_IN_FRAMEWORK_HEADER = YES;
				CLANG_WARN_RANGE_LOOP_ANALYSIS = YES;
				CLANG_WARN_STRICT_PROTOTYPES = YES;
				CLANG_WARN_SUSPICIOUS_MOVE = YES;
				CLANG_WARN_UNGUARDED_AVAILABILITY = YES_AGGRESSIVE;
				CLANG_WARN_UNREACHABLE_CODE = YES;
				CLANG_WARN__DUPLICATE_METHOD_MATCH = YES;
				COPY_PHASE_STRIP = NO;
				DEBUG_INFORMATION_FORMAT = "dwarf-with-dsym";
				ENABLE_NS_ASSERTIONS = NO;
				ENABLE_STRICT_OBJC_MSGSEND = YES;
				ENABLE_USER_SCRIPT_SANDBOXING = YES;
				GCC_C_LANGUAGE_STANDARD = gnu17;
				GCC_NO_COMMON_BLOCKS = YES;
				GCC_WARN_64_TO_32_BIT_CONVERSION = YES;
				GCC_WARN_ABOUT_RETURN_TYPE = YES_ERROR;
				GCC_WARN_UNDECLARED_SELECTOR = YES;
				GCC_WARN_UNINITIALIZED_AUTOS = YES_AGGRESSIVE;
				GCC_WARN_UNUSED_FUNCTION = YES;
				GCC_WARN_UNUSED_VARIABLE = YES;
				IPHONEOS_DEPLOYMENT_TARGET = 17.5;
				LOCALIZATION_PREFERS_STRING_CATALOGS = YES;
				MTL_ENABLE_DEBUG_INFO = NO;
				MTL_FAST_MATH = YES;
				SDKROOT = iphoneos;
				SWIFT_COMPILATION_MODE = wholemodule;
				VALIDATE_PRODUCT = YES;
			};
			name = Release;
		};
		B4DA8A122C08885900FECCEF /* Debug */ = {
			isa = XCBuildConfiguration;
			buildSettings = {
				ASSETCATALOG_COMPILER_APPICON_NAME = AppIcon;
				ASSETCATALOG_COMPILER_GLOBAL_ACCENT_COLOR_NAME = AccentColor;
				CODE_SIGN_STYLE = Automatic;
				CURRENT_PROJECT_VERSION = 1;
				GENERATE_INFOPLIST_FILE = YES;
				INFOPLIST_FILE = "bank-ios-uikit/Info.plist";
				INFOPLIST_KEY_UIApplicationSupportsIndirectInputEvents = YES;
				INFOPLIST_KEY_UILaunchStoryboardName = LaunchScreen;
				INFOPLIST_KEY_UISupportedInterfaceOrientations = "UIInterfaceOrientationLandscapeLeft UIInterfaceOrientationLandscapeRight UIInterfaceOrientationPortrait UIInterfaceOrientationPortraitUpsideDown";
				IPHONEOS_DEPLOYMENT_TARGET = 17.5;
				LD_RUNPATH_SEARCH_PATHS = (
					"$(inherited)",
					"@executable_path/Frameworks",
				);
				MARKETING_VERSION = 1.0;
				PRODUCT_BUNDLE_IDENTIFIER = "name.maxhit.bank-ios-uikit";
				PRODUCT_NAME = "$(TARGET_NAME)";
				SWIFT_EMIT_LOC_STRINGS = YES;
				SWIFT_VERSION = 5.0;
				TARGETED_DEVICE_FAMILY = "1,2";
			};
			name = Debug;
		};
		B4DA8A132C08885900FECCEF /* Release */ = {
			isa = XCBuildConfiguration;
			buildSettings = {
				ASSETCATALOG_COMPILER_APPICON_NAME = AppIcon;
				ASSETCATALOG_COMPILER_GLOBAL_ACCENT_COLOR_NAME = AccentColor;
				CODE_SIGN_STYLE = Automatic;
				CURRENT_PROJECT_VERSION = 1;
				GENERATE_INFOPLIST_FILE = YES;
				INFOPLIST_FILE = "bank-ios-uikit/Info.plist";
				INFOPLIST_KEY_UIApplicationSupportsIndirectInputEvents = YES;
				INFOPLIST_KEY_UILaunchStoryboardName = LaunchScreen;
				INFOPLIST_KEY_UISupportedInterfaceOrientations = "UIInterfaceOrientationLandscapeLeft UIInterfaceOrientationLandscapeRight UIInterfaceOrientationPortrait UIInterfaceOrientationPortraitUpsideDown";
				IPHONEOS_DEPLOYMENT_TARGET = 17.5;
				LD_RUNPATH_SEARCH_PATHS = (
					"$(inherited)",
					"@executable_path/Frameworks",
				);
				MARKETING_VERSION = 1.0;
				PRODUCT_BUNDLE_IDENTIFIER = "name.maxhit.bank-ios-uikit";
				PRODUCT_NAME = "$(TARGET_NAME)";
				SWIFT_EMIT_LOC_STRINGS = YES;
				SWIFT_VERSION = 5.0;
				TARGETED_DEVICE_FAMILY = "1,2";
			};
			name = Release;
		};
/* End XCBuildConfiguration section */

/* Begin XCConfigurationList section */
		B4DA89F82C08885800FECCEF /* Build configuration list for PBXProject "bank-ios-uikit" */ = {
			isa = XCConfigurationList;
			buildConfigurations = (
				B4DA8A0F2C08885900FECCEF /* Debug */,
				B4DA8A102C08885900FECCEF /* Release */,
			);
			defaultConfigurationIsVisible = 0;
			defaultConfigurationName = Release;
		};
		B4DA8A112C08885900FECCEF /* Build configuration list for PBXNativeTarget "bank-ios-uikit" */ = {
			isa = XCConfigurationList;
			buildConfigurations = (
				B4DA8A122C08885900FECCEF /* Debug */,
				B4DA8A132C08885900FECCEF /* Release */,
			);
			defaultConfigurationIsVisible = 0;
			defaultConfigurationName = Release;
		};
/* End XCConfigurationList section */

/* Begin XCVersionGroup section */
		B46163F52C0F2FBC00F65A44 /* CoreData.xcdatamodeld */ = {
			isa = XCVersionGroup;
			children = (
				B46163F82C0F2FBC00F65A44 /* CoreData.xcdatamodel */,
			);
			currentVersion = B46163F82C0F2FBC00F65A44 /* CoreData.xcdatamodel */;
			name = CoreData.xcdatamodeld;
			path = "/Users/ruartm5/Developer/dev/swift/bank-ios-uikit/bank-ios-uikit/Common/Lib/CoreData/CoreData.xcdatamodeld";
			sourceTree = "<group>";
			versionGroupType = wrapper.xcdatamodel;
		};
/* End XCVersionGroup section */
	};
	rootObject = B4DA89F52C08885800FECCEF /* Project object */;
}
